
Microsoft Visual Studio Solution File, Format Version 12.00
# Visual Studio 15
VisualStudioVersion = 15.0.28307.421
MinimumVisualStudioVersion = 10.0.40219.1
Project("{FAE04EC0-301F-11D3-BF4B-00C04F79EFBC}") = "NotatnikMobile.Android", "NotatnikMobile\NotatnikMobile.Android\NotatnikMobile.Android.csproj", "{0FC6F60F-8A35-44BE-B251-B7D4D0E08F7E}"
EndProject
Project("{FAE04EC0-301F-11D3-BF4B-00C04F79EFBC}") = "NotatnikMobile.iOS", "NotatnikMobile\NotatnikMobile.iOS\NotatnikMobile.iOS.csproj", "{45C01C3A-B75F-44E2-8059-98401D3D6F30}"
EndProject
Project("{9A19103F-16F7-4668-BE54-9A1E7A4F7556}") = "NotatnikMobile", "NotatnikMobile\NotatnikMobile\NotatnikMobile.csproj", "{360B3DE2-2C13-40D5-BCA7-26C3699A7DD5}"
EndProject
Global
	GlobalSection(SolutionConfigurationPlatforms) = preSolution
		Debug|Any CPU = Debug|Any CPU
		Debug|iPhone = Debug|iPhone
		Debug|iPhoneSimulator = Debug|iPhoneSimulator
		Release|Any CPU = Release|Any CPU
		Release|iPhone = Release|iPhone
		Release|iPhoneSimulator = Release|iPhoneSimulator
	EndGlobalSection
	GlobalSection(ProjectConfigurationPlatforms) = postSolution
		{0FC6F60F-8A35-44BE-B251-B7D4D0E08F7E}.Debug|Any CPU.ActiveCfg = Debug|Any CPU
		{0FC6F60F-8A35-44BE-B251-B7D4D0E08F7E}.Debug|Any CPU.Build.0 = Debug|Any CPU
		{0FC6F60F-8A35-44BE-B251-B7D4D0E08F7E}.Debug|Any CPU.Deploy.0 = Debug|Any CPU
		{0FC6F60F-8A35-44BE-B251-B7D4D0E08F7E}.Debug|iPhone.ActiveCfg = Debug|Any CPU
		{0FC6F60F-8A35-44BE-B251-B7D4D0E08F7E}.Debug|iPhone.Build.0 = Debug|Any CPU
		{0FC6F60F-8A35-44BE-B251-B7D4D0E08F7E}.Debug|iPhone.Deploy.0 = Debug|Any CPU
		{0FC6F60F-8A35-44BE-B251-B7D4D0E08F7E}.Debug|iPhoneSimulator.ActiveCfg = Debug|Any CPU
		{0FC6F60F-8A35-44BE-B251-B7D4D0E08F7E}.Debug|iPhoneSimulator.Build.0 = Debug|Any CPU
		{0FC6F60F-8A35-44BE-B251-B7D4D0E08F7E}.Debug|iPhoneSimulator.Deploy.0 = Debug|Any CPU
		{0FC6F60F-8A35-44BE-B251-B7D4D0E08F7E}.Release|Any CPU.ActiveCfg = Release|Any CPU
		{0FC6F60F-8A35-44BE-B251-B7D4D0E08F7E}.Release|Any CPU.Build.0 = Release|Any CPU
		{0FC6F60F-8A35-44BE-B251-B7D4D0E08F7E}.Release|Any CPU.Deploy.0 = Release|Any CPU
		{0FC6F60F-8A35-44BE-B251-B7D4D0E08F7E}.Release|iPhone.ActiveCfg = Release|Any CPU
		{0FC6F60F-8A35-44BE-B251-B7D4D0E08F7E}.Release|iPhone.Build.0 = Release|Any CPU
		{0FC6F60F-8A35-44BE-B251-B7D4D0E08F7E}.Release|iPhone.Deploy.0 = Release|Any CPU
		{0FC6F60F-8A35-44BE-B251-B7D4D0E08F7E}.Release|iPhoneSimulator.ActiveCfg = Release|Any CPU
		{0FC6F60F-8A35-44BE-B251-B7D4D0E08F7E}.Release|iPhoneSimulator.Build.0 = Release|Any CPU
		{0FC6F60F-8A35-44BE-B251-B7D4D0E08F7E}.Release|iPhoneSimulator.Deploy.0 = Release|Any CPU
		{45C01C3A-B75F-44E2-8059-98401D3D6F30}.Debug|Any CPU.ActiveCfg = Debug|iPhoneSimulator
		{45C01C3A-B75F-44E2-8059-98401D3D6F30}.Debug|Any CPU.Build.0 = Debug|iPhoneSimulator
		{45C01C3A-B75F-44E2-8059-98401D3D6F30}.Debug|Any CPU.Deploy.0 = Debug|iPhoneSimulator
		{45C01C3A-B75F-44E2-8059-98401D3D6F30}.Debug|iPhone.ActiveCfg = Debug|iPhone
		{45C01C3A-B75F-44E2-8059-98401D3D6F30}.Debug|iPhone.Build.0 = Debug|iPhone
		{45C01C3A-B75F-44E2-8059-98401D3D6F30}.Debug|iPhone.Deploy.0 = Debug|iPhone
		{45C01C3A-B75F-44E2-8059-98401D3D6F30}.Debug|iPhoneSimulator.ActiveCfg = Debug|iPhoneSimulator
		{45C01C3A-B75F-44E2-8059-98401D3D6F30}.Debug|iPhoneSimulator.Build.0 = Debug|iPhoneSimulator
		{45C01C3A-B75F-44E2-8059-98401D3D6F30}.Debug|iPhoneSimulator.Deploy.0 = Debug|iPhoneSimulator
		{45C01C3A-B75F-44E2-8059-98401D3D6F30}.Release|Any CPU.ActiveCfg = Release|iPhone
		{45C01C3A-B75F-44E2-8059-98401D3D6F30}.Release|Any CPU.Build.0 = Release|iPhone
		{45C01C3A-B75F-44E2-8059-98401D3D6F30}.Release|Any CPU.Deploy.0 = Release|iPhone
		{45C01C3A-B75F-44E2-8059-98401D3D6F30}.Release|iPhone.ActiveCfg = Release|iPhone
		{45C01C3A-B75F-44E2-8059-98401D3D6F30}.Release|iPhone.Build.0 = Release|iPhone
		{45C01C3A-B75F-44E2-8059-98401D3D6F30}.Release|iPhone.Deploy.0 = Release|iPhone
		{45C01C3A-B75F-44E2-8059-98401D3D6F30}.Release|iPhoneSimulator.ActiveCfg = Release|iPhoneSimulator
		{45C01C3A-B75F-44E2-8059-98401D3D6F30}.Release|iPhoneSimulator.Build.0 = Release|iPhoneSimulator
		{45C01C3A-B75F-44E2-8059-98401D3D6F30}.Release|iPhoneSimulator.Deploy.0 = Release|iPhoneSimulator
		{360B3DE2-2C13-40D5-BCA7-26C3699A7DD5}.Debug|Any CPU.ActiveCfg = Debug|Any CPU
		{360B3DE2-2C13-40D5-BCA7-26C3699A7DD5}.Debug|Any CPU.Build.0 = Debug|Any CPU
		{360B3DE2-2C13-40D5-BCA7-26C3699A7DD5}.Debug|Any CPU.Deploy.0 = Debug|Any CPU
		{360B3DE2-2C13-40D5-BCA7-26C3699A7DD5}.Debug|iPhone.ActiveCfg = Debug|Any CPU
		{360B3DE2-2C13-40D5-BCA7-26C3699A7DD5}.Debug|iPhone.Build.0 = Debug|Any CPU
		{360B3DE2-2C13-40D5-BCA7-26C3699A7DD5}.Debug|iPhone.Deploy.0 = Debug|Any CPU
		{360B3DE2-2C13-40D5-BCA7-26C3699A7DD5}.Debug|iPhoneSimulator.ActiveCfg = Debug|Any CPU
		{360B3DE2-2C13-40D5-BCA7-26C3699A7DD5}.Debug|iPhoneSimulator.Build.0 = Debug|Any CPU
		{360B3DE2-2C13-40D5-BCA7-26C3699A7DD5}.Debug|iPhoneSimulator.Deploy.0 = Debug|Any CPU
		{360B3DE2-2C13-40D5-BCA7-26C3699A7DD5}.Release|Any CPU.ActiveCfg = Release|Any CPU
		{360B3DE2-2C13-40D5-BCA7-26C3699A7DD5}.Release|Any CPU.Build.0 = Release|Any CPU
		{360B3DE2-2C13-40D5-BCA7-26C3699A7DD5}.Release|Any CPU.Deploy.0 = Release|Any CPU
		{360B3DE2-2C13-40D5-BCA7-26C3699A7DD5}.Release|iPhone.ActiveCfg = Release|Any CPU
		{360B3DE2-2C13-40D5-BCA7-26C3699A7DD5}.Release|iPhone.Build.0 = Release|Any CPU
		{360B3DE2-2C13-40D5-BCA7-26C3699A7DD5}.Release|iPhone.Deploy.0 = Release|Any CPU
		{360B3DE2-2C13-40D5-BCA7-26C3699A7DD5}.Release|iPhoneSimulator.ActiveCfg = Release|Any CPU
		{360B3DE2-2C13-40D5-BCA7-26C3699A7DD5}.Release|iPhoneSimulator.Build.0 = Release|Any CPU
		{360B3DE2-2C13-40D5-BCA7-26C3699A7DD5}.Release|iPhoneSimulator.Deploy.0 = Release|Any CPU
	EndGlobalSection
	GlobalSection(SolutionProperties) = preSolution
		HideSolutionNode = FALSE
	EndGlobalSection
	GlobalSection(ExtensibilityGlobals) = postSolution
		SolutionGuid = {432F7EFC-DB02-4402-BDF7-48C7DBE9705F}
	EndGlobalSection
EndGlobal
